# @generated by Move, please check-in and do not edit manually.

[move]
version = 2
manifest_digest = "9432681924FBED6EFF9987D6E7FED73FFB4CAE6469F2F5D57009AC446E1F2C09"
deps_digest = "F8BBB0CCB2491CA29A3DF03D6F92277A4F3574266507ACD77214D37ECA3F3082"
dependencies = [
  { name = "Sui" },
]

[[move.package]]
name = "MoveStdlib"
source = { git = "https://github.com/MystenLabs/sui.git", rev = "framework/testnet", subdir = "crates/sui-framework/packages/move-stdlib" }

[[move.package]]
name = "Sui"
source = { git = "https://github.com/MystenLabs/sui.git", rev = "framework/testnet", subdir = "crates/sui-framework/packages/sui-framework" }

dependencies = [
  { name = "MoveStdlib" },
]

[move.toolchain-version]
compiler-version = "1.27.2"
edition = "2024.beta"
flavor = "sui"

[env]

[env.testnet]
chain-id = "4c78adac"
original-published-id = "0x8a762f4411d7f846071c52c85287bad8b7b91cfd21900a0064d2b540bafb90b7"
latest-published-id = "0x8a762f4411d7f846071c52c85287bad8b7b91cfd21900a0064d2b540bafb90b7"
published-version = "1"
